
Microsoft Visual Studio Solution File, Format Version 12.00
# Visual Studio 2012
Project("{FAE04EC0-301F-11D3-BF4B-00C04F79EFBC}") = "copy-paste-palooza", "copy-paste-palooza\copy-paste-palooza.csproj", "{0E69F2AA-090C-4F0A-8839-D200EBBB4DAD}"
EndProject
Global
	GlobalSection(SolutionConfigurationPlatforms) = preSolution
		Debug|Any CPU = Debug|Any CPU
		Release|Any CPU = Release|Any CPU
	EndGlobalSection
	GlobalSection(ProjectConfigurationPlatforms) = postSolution
		{0E69F2AA-090C-4F0A-8839-D200EBBB4DAD}.Debug|Any CPU.ActiveCfg = Debug|Any CPU
		{0E69F2AA-090C-4F0A-8839-D200EBBB4DAD}.Debug|Any CPU.Build.0 = Debug|Any CPU
		{0E69F2AA-090C-4F0A-8839-D200EBBB4DAD}.Release|Any CPU.ActiveCfg = Release|Any CPU
		{0E69F2AA-090C-4F0A-8839-D200EBBB4DAD}.Release|Any CPU.Build.0 = Release|Any CPU
	EndGlobalSection
	GlobalSection(SolutionProperties) = preSolution
		HideSolutionNode = FALSE
	EndGlobalSection
EndGlobal
